
Microsoft Visual Studio Solution File, Format Version 12.00
# Visual Studio Version 17
VisualStudioVersion = 17.12.35707.178
MinimumVisualStudioVersion = 10.0.40219.1
Project("{FAE04EC0-301F-11D3-BF4B-00C04F79EFBC}") = "Store Simulator", "ConsoleApp1\Store Simulator.csproj", "{AE53B947-4288-4415-A044-4EA4E0BF48BC}"
EndProject
Global
	GlobalSection(SolutionConfigurationPlatforms) = preSolution
		Debug|Any CPU = Debug|Any CPU
		Release|Any CPU = Release|Any CPU
	EndGlobalSection
	GlobalSection(ProjectConfigurationPlatforms) = postSolution
		{AE53B947-4288-4415-A044-4EA4E0BF48BC}.Debug|Any CPU.ActiveCfg = Debug|Any CPU
		{AE53B947-4288-4415-A044-4EA4E0BF48BC}.Debug|Any CPU.Build.0 = Debug|Any CPU
		{AE53B947-4288-4415-A044-4EA4E0BF48BC}.Release|Any CPU.ActiveCfg = Release|Any CPU
		{AE53B947-4288-4415-A044-4EA4E0BF48BC}.Release|Any CPU.Build.0 = Release|Any CPU
	EndGlobalSection
	GlobalSection(SolutionProperties) = preSolution
		HideSolutionNode = FALSE
	EndGlobalSection
EndGlobal
